
Microsoft Visual Studio Solution File, Format Version 12.00
Project("{FAE04EC0-301F-11D3-BF4B-00C04F79EFBC}") = "KindLink", "KindLink\KindLink.csproj", "{D2C4EEB4-33BC-4C6B-8499-CBA3EAEABA18}"
EndProject
Project("{FAE04EC0-301F-11D3-BF4B-00C04F79EFBC}") = "KindLink.Tests", "KindLink.Tests\KindLink.Tests.csproj", "{16D84BC5-EA06-4EB3-9494-037F93F1DB30}"
EndProject
Global
	GlobalSection(SolutionConfigurationPlatforms) = preSolution
		Debug|Any CPU = Debug|Any CPU
		Release|Any CPU = Release|Any CPU
	EndGlobalSection
	GlobalSection(ProjectConfigurationPlatforms) = postSolution
		{D2C4EEB4-33BC-4C6B-8499-CBA3EAEABA18}.Debug|Any CPU.ActiveCfg = Debug|Any CPU
		{D2C4EEB4-33BC-4C6B-8499-CBA3EAEABA18}.Debug|Any CPU.Build.0 = Debug|Any CPU
		{D2C4EEB4-33BC-4C6B-8499-CBA3EAEABA18}.Release|Any CPU.ActiveCfg = Release|Any CPU
		{D2C4EEB4-33BC-4C6B-8499-CBA3EAEABA18}.Release|Any CPU.Build.0 = Release|Any CPU
		{16D84BC5-EA06-4EB3-9494-037F93F1DB30}.Debug|Any CPU.ActiveCfg = Debug|Any CPU
		{16D84BC5-EA06-4EB3-9494-037F93F1DB30}.Debug|Any CPU.Build.0 = Debug|Any CPU
		{16D84BC5-EA06-4EB3-9494-037F93F1DB30}.Release|Any CPU.ActiveCfg = Release|Any CPU
		{16D84BC5-EA06-4EB3-9494-037F93F1DB30}.Release|Any CPU.Build.0 = Release|Any CPU
	EndGlobalSection
EndGlobal
